
Microsoft Visual Studio Solution File, Format Version 12.00
# Visual Studio 15
VisualStudioVersion = 15.0.28307.168
MinimumVisualStudioVersion = 10.0.40219.1
Project("{FAE04EC0-301F-11D3-BF4B-00C04F79EFBC}") = "Pluto Offline Launcher", "Pluto Offline Launcher\Pluto Offline Launcher.csproj", "{21A15FCC-0240-4458-AA8F-1888A2078854}"
EndProject
Global
	GlobalSection(SolutionConfigurationPlatforms) = preSolution
		Debug|Any CPU = Debug|Any CPU
		Release|Any CPU = Release|Any CPU
	EndGlobalSection
	GlobalSection(ProjectConfigurationPlatforms) = postSolution
		{21A15FCC-0240-4458-AA8F-1888A2078854}.Debug|Any CPU.ActiveCfg = Debug|Any CPU
		{21A15FCC-0240-4458-AA8F-1888A2078854}.Debug|Any CPU.Build.0 = Debug|Any CPU
		{21A15FCC-0240-4458-AA8F-1888A2078854}.Release|Any CPU.ActiveCfg = Release|Any CPU
		{21A15FCC-0240-4458-AA8F-1888A2078854}.Release|Any CPU.Build.0 = Release|Any CPU
	EndGlobalSection
	GlobalSection(SolutionProperties) = preSolution
		HideSolutionNode = FALSE
	EndGlobalSection
	GlobalSection(ExtensibilityGlobals) = postSolution
		SolutionGuid = {A7D04560-8CA4-4F23-8BB9-64514A874F3F}
	EndGlobalSection
EndGlobal
